
Microsoft Visual Studio Solution File, Format Version 12.00
# Visual Studio Version 17
VisualStudioVersion = 17.4.33213.308
MinimumVisualStudioVersion = 10.0.40219.1
Project("{FAE04EC0-301F-11D3-BF4B-00C04F79EFBC}") = "FNFR2", "FNFR2.csproj", "{1E256D90-02BB-4DBA-8300-98F7A8E1BC18}"
EndProject
Global
	GlobalSection(SolutionConfigurationPlatforms) = preSolution
		Debug|Any CPU = Debug|Any CPU
		Release|Any CPU = Release|Any CPU
	EndGlobalSection
	GlobalSection(ProjectConfigurationPlatforms) = postSolution
		{1E256D90-02BB-4DBA-8300-98F7A8E1BC18}.Debug|Any CPU.ActiveCfg = Debug|Any CPU
		{1E256D90-02BB-4DBA-8300-98F7A8E1BC18}.Debug|Any CPU.Build.0 = Debug|Any CPU
		{1E256D90-02BB-4DBA-8300-98F7A8E1BC18}.Release|Any CPU.ActiveCfg = Release|Any CPU
		{1E256D90-02BB-4DBA-8300-98F7A8E1BC18}.Release|Any CPU.Build.0 = Release|Any CPU
	EndGlobalSection
	GlobalSection(SolutionProperties) = preSolution
		HideSolutionNode = FALSE
	EndGlobalSection
	GlobalSection(ExtensibilityGlobals) = postSolution
		SolutionGuid = {B9386F62-8E22-47E6-9B34-D5C3551BAEFB}
	EndGlobalSection
EndGlobal
